PODS:
  - SwiftGen (6.0.2)
  - SwiftLint (0.30.0)

DEPENDENCIES:
  - SwiftGen (~> 6.0.2)
  - SwiftLint (~> 0.30.0)

SPEC REPOS:
  https://github.com/cocoapods/specs.git:
    - SwiftGen
    - SwiftLint

SPEC CHECKSUMS:
  SwiftGen: e5b047067aa84082826a0c4f1c4c2ddc95bcf74c
  SwiftLint: 4e37cb5cd33435170dfd09fba089f41fdbf64d53

PODFILE CHECKSUM: 3dd436b53fded21783a25cf46b9fa28a5bbcaffb

COCOAPODS: 1.5.3
