// !$*UTF8*$!
{
	archiveVersion = 1;
	classes = {
	};
	objectVersion = 50;
	objects = {

/* Begin PBXBuildFile section */
		86346F6642C3C4B572AFFABE /* Pods_Posts.framework in Frameworks */ = {isa = PBXBuildFile; fileRef = 7A7BCEFFDBEF90C4D080873F /* Pods_Posts.framework */; };
		94FD485F851450D309826560 /* Pods_PostsTests.framework in Frameworks */ = {isa = PBXBuildFile; fileRef = 379D449CBD9B015D05F1DCA3 /* Pods_PostsTests.framework */; };
		D94A586521F3502D00249946 /* AppDelegate.swift in Sources */ = {isa = PBXBuildFile; fileRef = D94A586421F3502D00249946 /* AppDelegate.swift */; };
		D94A586C21F3502F00249946 /* Assets.xcassets in Resources */ = {isa = PBXBuildFile; fileRef = D94A586B21F3502F00249946 /* Assets.xcassets */; };
		D94A586F21F3502F00249946 /* LaunchScreen.storyboard in Resources */ = {isa = PBXBuildFile; fileRef = D94A586D21F3502F00249946 /* LaunchScreen.storyboard */; };
		D94A588821F3643900249946 /* Localizable.strings in Resources */ = {isa = PBXBuildFile; fileRef = D94A588621F3643900249946 /* Localizable.strings */; };
		D94A588B21F3653500249946 /* L10n.swift in Sources */ = {isa = PBXBuildFile; fileRef = D94A588A21F3653500249946 /* L10n.swift */; };
		D970A0AA21F36D250088E653 /* Log.swift in Sources */ = {isa = PBXBuildFile; fileRef = D970A0A921F36D250088E653 /* Log.swift */; };
		D970A0AC21F36E970088E653 /* NetworkClientResponse.swift in Sources */ = {isa = PBXBuildFile; fileRef = D970A0AB21F36E970088E653 /* NetworkClientResponse.swift */; };
		D970A0AE21F36EAE0088E653 /* NetworkClientRequest.swift in Sources */ = {isa = PBXBuildFile; fileRef = D970A0AD21F36EAE0088E653 /* NetworkClientRequest.swift */; };
		D970A0B021F36ED10088E653 /* NetworkClient.swift in Sources */ = {isa = PBXBuildFile; fileRef = D970A0AF21F36ED10088E653 /* NetworkClient.swift */; };
		D970A0B221F36F130088E653 /* URLSessionProvider.swift in Sources */ = {isa = PBXBuildFile; fileRef = D970A0B121F36F130088E653 /* URLSessionProvider.swift */; };
		D9C99D0521F3A0BA00BB3A1E /* NetworkClientRequestTests.swift in Sources */ = {isa = PBXBuildFile; fileRef = D9C99D0421F3A0BA00BB3A1E /* NetworkClientRequestTests.swift */; };
		D9C99D0721F3AA4300BB3A1E /* NetworkClientTests.swift in Sources */ = {isa = PBXBuildFile; fileRef = D9C99D0621F3AA4300BB3A1E /* NetworkClientTests.swift */; };
		D9C99D0A21F3AF8100BB3A1E /* MaterializedSequenceResult+Extensions.swift in Sources */ = {isa = PBXBuildFile; fileRef = D9C99D0921F3AF8100BB3A1E /* MaterializedSequenceResult+Extensions.swift */; };
		D9C99D0C21F3B6AC00BB3A1E /* NetworkService.swift in Sources */ = {isa = PBXBuildFile; fileRef = D9C99D0B21F3B6AC00BB3A1E /* NetworkService.swift */; };
		D9C99D0E21F3BD1600BB3A1E /* NetworkRequest.swift in Sources */ = {isa = PBXBuildFile; fileRef = D9C99D0D21F3BD1600BB3A1E /* NetworkRequest.swift */; };
		D9C99D1021F3BDF800BB3A1E /* NetworkMethod.swift in Sources */ = {isa = PBXBuildFile; fileRef = D9C99D0F21F3BDF800BB3A1E /* NetworkMethod.swift */; };
		D9C99D1221F4D0AB00BB3A1E /* NetworkServiceURLBuilder.swift in Sources */ = {isa = PBXBuildFile; fileRef = D9C99D1121F4D0AB00BB3A1E /* NetworkServiceURLBuilder.swift */; };
		D9C99D1421F4D0EE00BB3A1E /* NetworkServiceEncoder.swift in Sources */ = {isa = PBXBuildFile; fileRef = D9C99D1321F4D0EE00BB3A1E /* NetworkServiceEncoder.swift */; };
		D9C99D1821F4D15200BB3A1E /* NetworkServiceHeadersBuilder.swift in Sources */ = {isa = PBXBuildFile; fileRef = D9C99D1721F4D15200BB3A1E /* NetworkServiceHeadersBuilder.swift */; };
		D9C99D1C21F4D19800BB3A1E /* NetworkServiceError.swift in Sources */ = {isa = PBXBuildFile; fileRef = D9C99D1B21F4D19800BB3A1E /* NetworkServiceError.swift */; };
		D9C99D1E21F4DCB800BB3A1E /* NetworkServiceTests.swift in Sources */ = {isa = PBXBuildFile; fileRef = D9C99D1D21F4DCB800BB3A1E /* NetworkServiceTests.swift */; };
		D9CA256B21F4F0AB00B6E292 /* NetworkServiceEncoderTests.swift in Sources */ = {isa = PBXBuildFile; fileRef = D9CA256A21F4F0AB00B6E292 /* NetworkServiceEncoderTests.swift */; };
		D9CA256E21F4F25900B6E292 /* Model.swift in Sources */ = {isa = PBXBuildFile; fileRef = D9CA256D21F4F25900B6E292 /* Model.swift */; };
/* End PBXBuildFile section */

/* Begin PBXContainerItemProxy section */
		D94A587621F3502F00249946 /* PBXContainerItemProxy */ = {
			isa = PBXContainerItemProxy;
			containerPortal = D94A585921F3502C00249946 /* Project object */;
			proxyType = 1;
			remoteGlobalIDString = D94A586021F3502D00249946;
			remoteInfo = Posts;
		};
/* End PBXContainerItemProxy section */

/* Begin PBXFileReference section */
		379D449CBD9B015D05F1DCA3 /* Pods_PostsTests.framework */ = {isa = PBXFileReference; explicitFileType = wrapper.framework; includeInIndex = 0; path = Pods_PostsTests.framework; sourceTree = BUILT_PRODUCTS_DIR; };
		58B40C48EE85391413ED8FF3 /* Pods-PostsTests.release.xcconfig */ = {isa = PBXFileReference; includeInIndex = 1; lastKnownFileType = text.xcconfig; name = "Pods-PostsTests.release.xcconfig"; path = "Pods/Target Support Files/Pods-PostsTests/Pods-PostsTests.release.xcconfig"; sourceTree = "<group>"; };
		7A7BCEFFDBEF90C4D080873F /* Pods_Posts.framework */ = {isa = PBXFileReference; explicitFileType = wrapper.framework; includeInIndex = 0; path = Pods_Posts.framework; sourceTree = BUILT_PRODUCTS_DIR; };
		7ACDDF9BC66B72D227F94815 /* Pods-PostsTests.debug.xcconfig */ = {isa = PBXFileReference; includeInIndex = 1; lastKnownFileType = text.xcconfig; name = "Pods-PostsTests.debug.xcconfig"; path = "Pods/Target Support Files/Pods-PostsTests/Pods-PostsTests.debug.xcconfig"; sourceTree = "<group>"; };
		BC8F54E0589550297F430CA1 /* Pods-Posts.debug.xcconfig */ = {isa = PBXFileReference; includeInIndex = 1; lastKnownFileType = text.xcconfig; name = "Pods-Posts.debug.xcconfig"; path = "Pods/Target Support Files/Pods-Posts/Pods-Posts.debug.xcconfig"; sourceTree = "<group>"; };
		D94A586121F3502D00249946 /* Posts.app */ = {isa = PBXFileReference; explicitFileType = wrapper.application; includeInIndex = 0; path = Posts.app; sourceTree = BUILT_PRODUCTS_DIR; };
		D94A586421F3502D00249946 /* AppDelegate.swift */ = {isa = PBXFileReference; lastKnownFileType = sourcecode.swift; path = AppDelegate.swift; sourceTree = "<group>"; };
		D94A586B21F3502F00249946 /* Assets.xcassets */ = {isa = PBXFileReference; lastKnownFileType = folder.assetcatalog; path = Assets.xcassets; sourceTree = "<group>"; };
		D94A586E21F3502F00249946 /* Base */ = {isa = PBXFileReference; lastKnownFileType = file.storyboard; name = Base; path = Base.lproj/LaunchScreen.storyboard; sourceTree = "<group>"; };
		D94A587021F3502F00249946 /* Info.plist */ = {isa = PBXFileReference; lastKnownFileType = text.plist.xml; path = Info.plist; sourceTree = "<group>"; };
		D94A587521F3502F00249946 /* PostsTests.xctest */ = {isa = PBXFileReference; explicitFileType = wrapper.cfbundle; includeInIndex = 0; path = PostsTests.xctest; sourceTree = BUILT_PRODUCTS_DIR; };
		D94A587B21F3502F00249946 /* Info.plist */ = {isa = PBXFileReference; lastKnownFileType = text.plist.xml; path = Info.plist; sourceTree = "<group>"; };
		D94A588721F3643900249946 /* Base */ = {isa = PBXFileReference; lastKnownFileType = text.plist.strings; name = Base; path = Base.lproj/Localizable.strings; sourceTree = "<group>"; };
		D94A588A21F3653500249946 /* L10n.swift */ = {isa = PBXFileReference; fileEncoding = 4; lastKnownFileType = sourcecode.swift; path = L10n.swift; sourceTree = "<group>"; };
		D970A0A921F36D250088E653 /* Log.swift */ = {isa = PBXFileReference; fileEncoding = 4; lastKnownFileType = sourcecode.swift; path = Log.swift; sourceTree = "<group>"; };
		D970A0AB21F36E970088E653 /* NetworkClientResponse.swift */ = {isa = PBXFileReference; lastKnownFileType = sourcecode.swift; path = NetworkClientResponse.swift; sourceTree = "<group>"; };
		D970A0AD21F36EAE0088E653 /* NetworkClientRequest.swift */ = {isa = PBXFileReference; lastKnownFileType = sourcecode.swift; path = NetworkClientRequest.swift; sourceTree = "<group>"; };
		D970A0AF21F36ED10088E653 /* NetworkClient.swift */ = {isa = PBXFileReference; lastKnownFileType = sourcecode.swift; path = NetworkClient.swift; sourceTree = "<group>"; };
		D970A0B121F36F130088E653 /* URLSessionProvider.swift */ = {isa = PBXFileReference; lastKnownFileType = sourcecode.swift; path = URLSessionProvider.swift; sourceTree = "<group>"; };
		D9C99D0421F3A0BA00BB3A1E /* NetworkClientRequestTests.swift */ = {isa = PBXFileReference; lastKnownFileType = sourcecode.swift; path = NetworkClientRequestTests.swift; sourceTree = "<group>"; };
		D9C99D0621F3AA4300BB3A1E /* NetworkClientTests.swift */ = {isa = PBXFileReference; lastKnownFileType = sourcecode.swift; path = NetworkClientTests.swift; sourceTree = "<group>"; };
		D9C99D0921F3AF8100BB3A1E /* MaterializedSequenceResult+Extensions.swift */ = {isa = PBXFileReference; lastKnownFileType = sourcecode.swift; path = "MaterializedSequenceResult+Extensions.swift"; sourceTree = "<group>"; };
		D9C99D0B21F3B6AC00BB3A1E /* NetworkService.swift */ = {isa = PBXFileReference; lastKnownFileType = sourcecode.swift; path = NetworkService.swift; sourceTree = "<group>"; };
		D9C99D0D21F3BD1600BB3A1E /* NetworkRequest.swift */ = {isa = PBXFileReference; lastKnownFileType = sourcecode.swift; path = NetworkRequest.swift; sourceTree = "<group>"; };
		D9C99D0F21F3BDF800BB3A1E /* NetworkMethod.swift */ = {isa = PBXFileReference; lastKnownFileType = sourcecode.swift; path = NetworkMethod.swift; sourceTree = "<group>"; };
		D9C99D1121F4D0AB00BB3A1E /* NetworkServiceURLBuilder.swift */ = {isa = PBXFileReference; lastKnownFileType = sourcecode.swift; path = NetworkServiceURLBuilder.swift; sourceTree = "<group>"; };
		D9C99D1321F4D0EE00BB3A1E /* NetworkServiceEncoder.swift */ = {isa = PBXFileReference; lastKnownFileType = sourcecode.swift; path = NetworkServiceEncoder.swift; sourceTree = "<group>"; };
		D9C99D1721F4D15200BB3A1E /* NetworkServiceHeadersBuilder.swift */ = {isa = PBXFileReference; lastKnownFileType = sourcecode.swift; path = NetworkServiceHeadersBuilder.swift; sourceTree = "<group>"; };
		D9C99D1B21F4D19800BB3A1E /* NetworkServiceError.swift */ = {isa = PBXFileReference; lastKnownFileType = sourcecode.swift; path = NetworkServiceError.swift; sourceTree = "<group>"; };
		D9C99D1D21F4DCB800BB3A1E /* NetworkServiceTests.swift */ = {isa = PBXFileReference; lastKnownFileType = sourcecode.swift; path = NetworkServiceTests.swift; sourceTree = "<group>"; };
		D9CA256A21F4F0AB00B6E292 /* NetworkServiceEncoderTests.swift */ = {isa = PBXFileReference; lastKnownFileType = sourcecode.swift; path = NetworkServiceEncoderTests.swift; sourceTree = "<group>"; };
		D9CA256D21F4F25900B6E292 /* Model.swift */ = {isa = PBXFileReference; lastKnownFileType = sourcecode.swift; path = Model.swift; sourceTree = "<group>"; };
		EDF39E066157124C96E76C9A /* Pods-Posts.release.xcconfig */ = {isa = PBXFileReference; includeInIndex = 1; lastKnownFileType = text.xcconfig; name = "Pods-Posts.release.xcconfig"; path = "Pods/Target Support Files/Pods-Posts/Pods-Posts.release.xcconfig"; sourceTree = "<group>"; };
/* End PBXFileReference section */

/* Begin PBXFrameworksBuildPhase section */
		D94A585E21F3502D00249946 /* Frameworks */ = {
			isa = PBXFrameworksBuildPhase;
			buildActionMask = 2147483647;
			files = (
				86346F6642C3C4B572AFFABE /* Pods_Posts.framework in Frameworks */,
			);
			runOnlyForDeploymentPostprocessing = 0;
		};
		D94A587221F3502F00249946 /* Frameworks */ = {
			isa = PBXFrameworksBuildPhase;
			buildActionMask = 2147483647;
			files = (
				94FD485F851450D309826560 /* Pods_PostsTests.framework in Frameworks */,
			);
			runOnlyForDeploymentPostprocessing = 0;
		};
/* End PBXFrameworksBuildPhase section */

/* Begin PBXGroup section */
		7D4BBC5467C13C628808A2BD /* Pods */ = {
			isa = PBXGroup;
			children = (
				BC8F54E0589550297F430CA1 /* Pods-Posts.debug.xcconfig */,
				EDF39E066157124C96E76C9A /* Pods-Posts.release.xcconfig */,
				7ACDDF9BC66B72D227F94815 /* Pods-PostsTests.debug.xcconfig */,
				58B40C48EE85391413ED8FF3 /* Pods-PostsTests.release.xcconfig */,
			);
			name = Pods;
			sourceTree = "<group>";
		};
		B6F9BBD98F396C7593B4DC81 /* Frameworks */ = {
			isa = PBXGroup;
			children = (
				7A7BCEFFDBEF90C4D080873F /* Pods_Posts.framework */,
				379D449CBD9B015D05F1DCA3 /* Pods_PostsTests.framework */,
			);
			name = Frameworks;
			sourceTree = "<group>";
		};
		D94A585821F3502C00249946 = {
			isa = PBXGroup;
			children = (
				B6F9BBD98F396C7593B4DC81 /* Frameworks */,
				7D4BBC5467C13C628808A2BD /* Pods */,
				D94A586321F3502D00249946 /* Posts */,
				D94A587821F3502F00249946 /* PostsTests */,
				D94A586221F3502D00249946 /* Products */,
			);
			sourceTree = "<group>";
		};
		D94A586221F3502D00249946 /* Products */ = {
			isa = PBXGroup;
			children = (
				D94A586121F3502D00249946 /* Posts.app */,
				D94A587521F3502F00249946 /* PostsTests.xctest */,
			);
			name = Products;
			sourceTree = "<group>";
		};
		D94A586321F3502D00249946 /* Posts */ = {
			isa = PBXGroup;
			children = (
				D94A588C21F3658000249946 /* Generated */,
				D94A588521F3620400249946 /* Resources */,
				D970A0A821F36D0B0088E653 /* Services */,
				D94A586421F3502D00249946 /* AppDelegate.swift */,
			);
			path = Posts;
			sourceTree = "<group>";
		};
		D94A587821F3502F00249946 /* PostsTests */ = {
			isa = PBXGroup;
			children = (
				D9CA256C21F4F16A00B6E292 /* Common */,
				D9C99D0821F3AF5700BB3A1E /* Extensions */,
				D9C99D0221F39F3E00BB3A1E /* Services */,
				D94A587B21F3502F00249946 /* Info.plist */,
			);
			path = PostsTests;
			sourceTree = "<group>";
		};
		D94A588521F3620400249946 /* Resources */ = {
			isa = PBXGroup;
			children = (
				D94A586B21F3502F00249946 /* Assets.xcassets */,
				D94A587021F3502F00249946 /* Info.plist */,
				D94A586D21F3502F00249946 /* LaunchScreen.storyboard */,
				D94A588621F3643900249946 /* Localizable.strings */,
			);
			path = Resources;
			sourceTree = "<group>";
		};
		D94A588C21F3658000249946 /* Generated */ = {
			isa = PBXGroup;
			children = (
				D94A588A21F3653500249946 /* L10n.swift */,
			);
			path = Generated;
			sourceTree = "<group>";
		};
		D94A588E21F36C0E00249946 /* Network */ = {
			isa = PBXGroup;
			children = (
				D970A0AF21F36ED10088E653 /* NetworkClient.swift */,
				D970A0AD21F36EAE0088E653 /* NetworkClientRequest.swift */,
				D970A0AB21F36E970088E653 /* NetworkClientResponse.swift */,
				D9C99D0B21F3B6AC00BB3A1E /* NetworkService.swift */,
				D9C99D1121F4D0AB00BB3A1E /* NetworkServiceURLBuilder.swift */,
				D9C99D1321F4D0EE00BB3A1E /* NetworkServiceEncoder.swift */,
				D9C99D1721F4D15200BB3A1E /* NetworkServiceHeadersBuilder.swift */,
				D9C99D1B21F4D19800BB3A1E /* NetworkServiceError.swift */,
				D970A0B121F36F130088E653 /* URLSessionProvider.swift */,
				D9C99D0D21F3BD1600BB3A1E /* NetworkRequest.swift */,
				D9C99D0F21F3BDF800BB3A1E /* NetworkMethod.swift */,
			);
			path = Network;
			sourceTree = "<group>";
		};
		D970A0A821F36D0B0088E653 /* Services */ = {
			isa = PBXGroup;
			children = (
				D94A588E21F36C0E00249946 /* Network */,
				D970A0A921F36D250088E653 /* Log.swift */,
			);
			path = Services;
			sourceTree = "<group>";
		};
		D9C99D0221F39F3E00BB3A1E /* Services */ = {
			isa = PBXGroup;
			children = (
				D9C99D0321F39F4600BB3A1E /* Network */,
			);
			path = Services;
			sourceTree = "<group>";
		};
		D9C99D0321F39F4600BB3A1E /* Network */ = {
			isa = PBXGroup;
			children = (
				D9C99D0421F3A0BA00BB3A1E /* NetworkClientRequestTests.swift */,
				D9C99D0621F3AA4300BB3A1E /* NetworkClientTests.swift */,
				D9C99D1D21F4DCB800BB3A1E /* NetworkServiceTests.swift */,
				D9CA256A21F4F0AB00B6E292 /* NetworkServiceEncoderTests.swift */,
			);
			path = Network;
			sourceTree = "<group>";
		};
		D9C99D0821F3AF5700BB3A1E /* Extensions */ = {
			isa = PBXGroup;
			children = (
				D9C99D0921F3AF8100BB3A1E /* MaterializedSequenceResult+Extensions.swift */,
			);
			path = Extensions;
			sourceTree = "<group>";
		};
		D9CA256C21F4F16A00B6E292 /* Common */ = {
			isa = PBXGroup;
			children = (
				D9CA256D21F4F25900B6E292 /* Model.swift */,
			);
			path = Common;
			sourceTree = "<group>";
		};
/* End PBXGroup section */

/* Begin PBXNativeTarget section */
		D94A586021F3502D00249946 /* Posts */ = {
			isa = PBXNativeTarget;
			buildConfigurationList = D94A587E21F3502F00249946 /* Build configuration list for PBXNativeTarget "Posts" */;
			buildPhases = (
				B336C0E2D211DC865781EA46 /* [CP] Check Pods Manifest.lock */,
				D94A588D21F3667000249946 /* Run SwiftGen */,
				D94A588421F35B4800249946 /* Run SwiftLint */,
				D94A585D21F3502D00249946 /* Sources */,
				D94A585E21F3502D00249946 /* Frameworks */,
				D94A585F21F3502D00249946 /* Resources */,
				43194AD53EDDFBB9C3982E1C /* [CP] Embed Pods Frameworks */,
			);
			buildRules = (
			);
			dependencies = (
			);
			name = Posts;
			productName = Posts;
			productReference = D94A586121F3502D00249946 /* Posts.app */;
			productType = "com.apple.product-type.application";
		};
		D94A587421F3502F00249946 /* PostsTests */ = {
			isa = PBXNativeTarget;
			buildConfigurationList = D94A588121F3502F00249946 /* Build configuration list for PBXNativeTarget "PostsTests" */;
			buildPhases = (
				EF08CE6D9E056A83E2CA3F53 /* [CP] Check Pods Manifest.lock */,
				D94A587121F3502F00249946 /* Sources */,
				D94A587221F3502F00249946 /* Frameworks */,
				D94A587321F3502F00249946 /* Resources */,
				56C20C20E2302CFF628983CD /* [CP] Embed Pods Frameworks */,
			);
			buildRules = (
			);
			dependencies = (
				D94A587721F3502F00249946 /* PBXTargetDependency */,
			);
			name = PostsTests;
			productName = PostsTests;
			productReference = D94A587521F3502F00249946 /* PostsTests.xctest */;
			productType = "com.apple.product-type.bundle.unit-test";
		};
/* End PBXNativeTarget section */

/* Begin PBXProject section */
		D94A585921F3502C00249946 /* Project object */ = {
			isa = PBXProject;
			attributes = {
				LastSwiftUpdateCheck = 1010;
				LastUpgradeCheck = 1010;
				ORGANIZATIONNAME = Diogo;
				TargetAttributes = {
					D94A586021F3502D00249946 = {
						CreatedOnToolsVersion = 10.1;
					};
					D94A587421F3502F00249946 = {
						CreatedOnToolsVersion = 10.1;
						LastSwiftMigration = 1010;
						TestTargetID = D94A586021F3502D00249946;
					};
				};
			};
			buildConfigurationList = D94A585C21F3502C00249946 /* Build configuration list for PBXProject "Posts" */;
			compatibilityVersion = "Xcode 9.3";
			developmentRegion = en;
			hasScannedForEncodings = 0;
			knownRegions = (
				en,
				Base,
			);
			mainGroup = D94A585821F3502C00249946;
			productRefGroup = D94A586221F3502D00249946 /* Products */;
			projectDirPath = "";
			projectRoot = "";
			targets = (
				D94A586021F3502D00249946 /* Posts */,
				D94A587421F3502F00249946 /* PostsTests */,
			);
		};
/* End PBXProject section */

/* Begin PBXResourcesBuildPhase section */
		D94A585F21F3502D00249946 /* Resources */ = {
			isa = PBXResourcesBuildPhase;
			buildActionMask = 2147483647;
			files = (
				D94A586F21F3502F00249946 /* LaunchScreen.storyboard in Resources */,
				D94A588821F3643900249946 /* Localizable.strings in Resources */,
				D94A586C21F3502F00249946 /* Assets.xcassets in Resources */,
			);
			runOnlyForDeploymentPostprocessing = 0;
		};
		D94A587321F3502F00249946 /* Resources */ = {
			isa = PBXResourcesBuildPhase;
			buildActionMask = 2147483647;
			files = (
			);
			runOnlyForDeploymentPostprocessing = 0;
		};
/* End PBXResourcesBuildPhase section */

/* Begin PBXShellScriptBuildPhase section */
		43194AD53EDDFBB9C3982E1C /* [CP] Embed Pods Frameworks */ = {
			isa = PBXShellScriptBuildPhase;
			buildActionMask = 2147483647;
			files = (
			);
			inputFileListPaths = (
			);
			inputPaths = (
				"${SRCROOT}/Pods/Target Support Files/Pods-Posts/Pods-Posts-frameworks.sh",
				"${BUILT_PRODUCTS_DIR}/RxAtomic/RxAtomic.framework",
				"${BUILT_PRODUCTS_DIR}/RxSwift/RxSwift.framework",
			);
			name = "[CP] Embed Pods Frameworks";
			outputFileListPaths = (
			);
			outputPaths = (
				"${TARGET_BUILD_DIR}/${FRAMEWORKS_FOLDER_PATH}/RxAtomic.framework",
				"${TARGET_BUILD_DIR}/${FRAMEWORKS_FOLDER_PATH}/RxSwift.framework",
			);
			runOnlyForDeploymentPostprocessing = 0;
			shellPath = /bin/sh;
			shellScript = "\"${SRCROOT}/Pods/Target Support Files/Pods-Posts/Pods-Posts-frameworks.sh\"\n";
			showEnvVarsInLog = 0;
		};
		56C20C20E2302CFF628983CD /* [CP] Embed Pods Frameworks */ = {
			isa = PBXShellScriptBuildPhase;
			buildActionMask = 2147483647;
			files = (
			);
			inputFileListPaths = (
			);
			inputPaths = (
				"${SRCROOT}/Pods/Target Support Files/Pods-PostsTests/Pods-PostsTests-frameworks.sh",
				"${BUILT_PRODUCTS_DIR}/RxAtomic/RxAtomic.framework",
				"${BUILT_PRODUCTS_DIR}/RxSwift/RxSwift.framework",
				"${BUILT_PRODUCTS_DIR}/Nimble/Nimble.framework",
				"${BUILT_PRODUCTS_DIR}/RxBlocking/RxBlocking.framework",
			);
			name = "[CP] Embed Pods Frameworks";
			outputFileListPaths = (
			);
			outputPaths = (
				"${TARGET_BUILD_DIR}/${FRAMEWORKS_FOLDER_PATH}/RxAtomic.framework",
				"${TARGET_BUILD_DIR}/${FRAMEWORKS_FOLDER_PATH}/RxSwift.framework",
				"${TARGET_BUILD_DIR}/${FRAMEWORKS_FOLDER_PATH}/Nimble.framework",
				"${TARGET_BUILD_DIR}/${FRAMEWORKS_FOLDER_PATH}/RxBlocking.framework",
			);
			runOnlyForDeploymentPostprocessing = 0;
			shellPath = /bin/sh;
			shellScript = "\"${SRCROOT}/Pods/Target Support Files/Pods-PostsTests/Pods-PostsTests-frameworks.sh\"\n";
			showEnvVarsInLog = 0;
		};
		B336C0E2D211DC865781EA46 /* [CP] Check Pods Manifest.lock */ = {
			isa = PBXShellScriptBuildPhase;
			buildActionMask = 2147483647;
			files = (
			);
			inputFileListPaths = (
			);
			inputPaths = (
				"${PODS_PODFILE_DIR_PATH}/Podfile.lock",
				"${PODS_ROOT}/Manifest.lock",
			);
			name = "[CP] Check Pods Manifest.lock";
			outputFileListPaths = (
			);
			outputPaths = (
				"$(DERIVED_FILE_DIR)/Pods-Posts-checkManifestLockResult.txt",
			);
			runOnlyForDeploymentPostprocessing = 0;
			shellPath = /bin/sh;
			shellScript = "diff \"${PODS_PODFILE_DIR_PATH}/Podfile.lock\" \"${PODS_ROOT}/Manifest.lock\" > /dev/null\nif [ $? != 0 ] ; then\n    # print error to STDERR\n    echo \"error: The sandbox is not in sync with the Podfile.lock. Run 'pod install' or update your CocoaPods installation.\" >&2\n    exit 1\nfi\n# This output is used by Xcode 'outputs' to avoid re-running this script phase.\necho \"SUCCESS\" > \"${SCRIPT_OUTPUT_FILE_0}\"\n";
			showEnvVarsInLog = 0;
		};
		D94A588421F35B4800249946 /* Run SwiftLint */ = {
			isa = PBXShellScriptBuildPhase;
			buildActionMask = 2147483647;
			files = (
			);
			inputFileListPaths = (
			);
			inputPaths = (
			);
			name = "Run SwiftLint";
			outputFileListPaths = (
			);
			outputPaths = (
			);
			runOnlyForDeploymentPostprocessing = 0;
			shellPath = /bin/sh;
			shellScript = "${PODS_ROOT}/SwiftLint/swiftlint\n";
		};
		D94A588D21F3667000249946 /* Run SwiftGen */ = {
			isa = PBXShellScriptBuildPhase;
			buildActionMask = 2147483647;
			files = (
			);
			inputFileListPaths = (
			);
			inputPaths = (
			);
			name = "Run SwiftGen";
			outputFileListPaths = (
			);
			outputPaths = (
			);
			runOnlyForDeploymentPostprocessing = 0;
			shellPath = /bin/sh;
			shellScript = "rakelib/run.sh \"rake swiftgen\"\n";
		};
		EF08CE6D9E056A83E2CA3F53 /* [CP] Check Pods Manifest.lock */ = {
			isa = PBXShellScriptBuildPhase;
			buildActionMask = 2147483647;
			files = (
			);
			inputFileListPaths = (
			);
			inputPaths = (
				"${PODS_PODFILE_DIR_PATH}/Podfile.lock",
				"${PODS_ROOT}/Manifest.lock",
			);
			name = "[CP] Check Pods Manifest.lock";
			outputFileListPaths = (
			);
			outputPaths = (
				"$(DERIVED_FILE_DIR)/Pods-PostsTests-checkManifestLockResult.txt",
			);
			runOnlyForDeploymentPostprocessing = 0;
			shellPath = /bin/sh;
			shellScript = "diff \"${PODS_PODFILE_DIR_PATH}/Podfile.lock\" \"${PODS_ROOT}/Manifest.lock\" > /dev/null\nif [ $? != 0 ] ; then\n    # print error to STDERR\n    echo \"error: The sandbox is not in sync with the Podfile.lock. Run 'pod install' or update your CocoaPods installation.\" >&2\n    exit 1\nfi\n# This output is used by Xcode 'outputs' to avoid re-running this script phase.\necho \"SUCCESS\" > \"${SCRIPT_OUTPUT_FILE_0}\"\n";
			showEnvVarsInLog = 0;
		};
/* End PBXShellScriptBuildPhase section */

/* Begin PBXSourcesBuildPhase section */
		D94A585D21F3502D00249946 /* Sources */ = {
			isa = PBXSourcesBuildPhase;
			buildActionMask = 2147483647;
			files = (
				D94A588B21F3653500249946 /* L10n.swift in Sources */,
				D9C99D1821F4D15200BB3A1E /* NetworkServiceHeadersBuilder.swift in Sources */,
				D970A0AC21F36E970088E653 /* NetworkClientResponse.swift in Sources */,
				D9C99D0C21F3B6AC00BB3A1E /* NetworkService.swift in Sources */,
				D94A586521F3502D00249946 /* AppDelegate.swift in Sources */,
				D970A0AA21F36D250088E653 /* Log.swift in Sources */,
				D9C99D1221F4D0AB00BB3A1E /* NetworkServiceURLBuilder.swift in Sources */,
				D970A0B021F36ED10088E653 /* NetworkClient.swift in Sources */,
				D9C99D1C21F4D19800BB3A1E /* NetworkServiceError.swift in Sources */,
				D970A0B221F36F130088E653 /* URLSessionProvider.swift in Sources */,
				D9C99D0E21F3BD1600BB3A1E /* NetworkRequest.swift in Sources */,
				D9C99D1421F4D0EE00BB3A1E /* NetworkServiceEncoder.swift in Sources */,
				D970A0AE21F36EAE0088E653 /* NetworkClientRequest.swift in Sources */,
				D9C99D1021F3BDF800BB3A1E /* NetworkMethod.swift in Sources */,
			);
			runOnlyForDeploymentPostprocessing = 0;
		};
		D94A587121F3502F00249946 /* Sources */ = {
			isa = PBXSourcesBuildPhase;
			buildActionMask = 2147483647;
			files = (
				D9C99D0A21F3AF8100BB3A1E /* MaterializedSequenceResult+Extensions.swift in Sources */,
				D9C99D0521F3A0BA00BB3A1E /* NetworkClientRequestTests.swift in Sources */,
				D9C99D1E21F4DCB800BB3A1E /* NetworkServiceTests.swift in Sources */,
				D9CA256E21F4F25900B6E292 /* Model.swift in Sources */,
				D9CA256B21F4F0AB00B6E292 /* NetworkServiceEncoderTests.swift in Sources */,
				D9C99D0721F3AA4300BB3A1E /* NetworkClientTests.swift in Sources */,
			);
			runOnlyForDeploymentPostprocessing = 0;
		};
/* End PBXSourcesBuildPhase section */

/* Begin PBXTargetDependency section */
		D94A587721F3502F00249946 /* PBXTargetDependency */ = {
			isa = PBXTargetDependency;
			target = D94A586021F3502D00249946 /* Posts */;
			targetProxy = D94A587621F3502F00249946 /* PBXContainerItemProxy */;
		};
/* End PBXTargetDependency section */

/* Begin PBXVariantGroup section */
		D94A586D21F3502F00249946 /* LaunchScreen.storyboard */ = {
			isa = PBXVariantGroup;
			children = (
				D94A586E21F3502F00249946 /* Base */,
			);
			name = LaunchScreen.storyboard;
			path = .;
			sourceTree = "<group>";
		};
		D94A588621F3643900249946 /* Localizable.strings */ = {
			isa = PBXVariantGroup;
			children = (
				D94A588721F3643900249946 /* Base */,
			);
			name = Localizable.strings;
			path = .;
			sourceTree = "<group>";
		};
/* End PBXVariantGroup section */

/* Begin XCBuildConfiguration section */
		D94A587C21F3502F00249946 /* Debug */ = {
			isa = XCBuildConfiguration;
			buildSettings = {
				ALWAYS_SEARCH_USER_PATHS = NO;
				CLANG_ANALYZER_NONNULL = YES;
				CLANG_ANALYZER_NUMBER_OBJECT_CONVERSION = YES_AGGRESSIVE;
				CLANG_CXX_LANGUAGE_STANDARD = "gnu++14";
				CLANG_CXX_LIBRARY = "libc++";
				CLANG_ENABLE_MODULES = YES;
				CLANG_ENABLE_OBJC_ARC = YES;
				CLANG_ENABLE_OBJC_WEAK = YES;
				CLANG_WARN_BLOCK_CAPTURE_AUTORELEASING = YES;
				CLANG_WARN_BOOL_CONVERSION = YES;
				CLANG_WARN_COMMA = YES;
				CLANG_WARN_CONSTANT_CONVERSION = YES;
				CLANG_WARN_DEPRECATED_OBJC_IMPLEMENTATIONS = YES;
				CLANG_WARN_DIRECT_OBJC_ISA_USAGE = YES_ERROR;
				CLANG_WARN_DOCUMENTATION_COMMENTS = YES;
				CLANG_WARN_EMPTY_BODY = YES;
				CLANG_WARN_ENUM_CONVERSION = YES;
				CLANG_WARN_INFINITE_RECURSION = YES;
				CLANG_WARN_INT_CONVERSION = YES;
				CLANG_WARN_NON_LITERAL_NULL_CONVERSION = YES;
				CLANG_WARN_OBJC_IMPLICIT_RETAIN_SELF = YES;
				CLANG_WARN_OBJC_LITERAL_CONVERSION = YES;
				CLANG_WARN_OBJC_ROOT_CLASS = YES_ERROR;
				CLANG_WARN_RANGE_LOOP_ANALYSIS = YES;
				CLANG_WARN_STRICT_PROTOTYPES = YES;
				CLANG_WARN_SUSPICIOUS_MOVE = YES;
				CLANG_WARN_UNGUARDED_AVAILABILITY = YES_AGGRESSIVE;
				CLANG_WARN_UNREACHABLE_CODE = YES;
				CLANG_WARN__DUPLICATE_METHOD_MATCH = YES;
				CODE_SIGN_IDENTITY = "iPhone Developer";
				COPY_PHASE_STRIP = NO;
				DEBUG_INFORMATION_FORMAT = dwarf;
				ENABLE_STRICT_OBJC_MSGSEND = YES;
				ENABLE_TESTABILITY = YES;
				GCC_C_LANGUAGE_STANDARD = gnu11;
				GCC_DYNAMIC_NO_PIC = NO;
				GCC_NO_COMMON_BLOCKS = YES;
				GCC_OPTIMIZATION_LEVEL = 0;
				GCC_PREPROCESSOR_DEFINITIONS = (
					"DEBUG=1",
					"$(inherited)",
				);
				GCC_WARN_64_TO_32_BIT_CONVERSION = YES;
				GCC_WARN_ABOUT_MISSING_NEWLINE = YES;
				GCC_WARN_ABOUT_RETURN_TYPE = YES_ERROR;
				GCC_WARN_UNDECLARED_SELECTOR = YES;
				GCC_WARN_UNINITIALIZED_AUTOS = YES_AGGRESSIVE;
				GCC_WARN_UNUSED_FUNCTION = YES;
				GCC_WARN_UNUSED_VARIABLE = YES;
				IPHONEOS_DEPLOYMENT_TARGET = 12.1;
				MTL_ENABLE_DEBUG_INFO = INCLUDE_SOURCE;
				MTL_FAST_MATH = YES;
				ONLY_ACTIVE_ARCH = YES;
				SDKROOT = iphoneos;
				SWIFT_ACTIVE_COMPILATION_CONDITIONS = DEBUG;
				SWIFT_OPTIMIZATION_LEVEL = "-Onone";
				SWIFT_VERSION = 4.2;
			};
			name = Debug;
		};
		D94A587D21F3502F00249946 /* Release */ = {
			isa = XCBuildConfiguration;
			buildSettings = {
				ALWAYS_SEARCH_USER_PATHS = NO;
				CLANG_ANALYZER_NONNULL = YES;
				CLANG_ANALYZER_NUMBER_OBJECT_CONVERSION = YES_AGGRESSIVE;
				CLANG_CXX_LANGUAGE_STANDARD = "gnu++14";
				CLANG_CXX_LIBRARY = "libc++";
				CLANG_ENABLE_MODULES = YES;
				CLANG_ENABLE_OBJC_ARC = YES;
				CLANG_ENABLE_OBJC_WEAK = YES;
				CLANG_WARN_BLOCK_CAPTURE_AUTORELEASING = YES;
				CLANG_WARN_BOOL_CONVERSION = YES;
				CLANG_WARN_COMMA = YES;
				CLANG_WARN_CONSTANT_CONVERSION = YES;
				CLANG_WARN_DEPRECATED_OBJC_IMPLEMENTATIONS = YES;
				CLANG_WARN_DIRECT_OBJC_ISA_USAGE = YES_ERROR;
				CLANG_WARN_DOCUMENTATION_COMMENTS = YES;
				CLANG_WARN_EMPTY_BODY = YES;
				CLANG_WARN_ENUM_CONVERSION = YES;
				CLANG_WARN_INFINITE_RECURSION = YES;
				CLANG_WARN_INT_CONVERSION = YES;
				CLANG_WARN_NON_LITERAL_NULL_CONVERSION = YES;
				CLANG_WARN_OBJC_IMPLICIT_RETAIN_SELF = YES;
				CLANG_WARN_OBJC_LITERAL_CONVERSION = YES;
				CLANG_WARN_OBJC_ROOT_CLASS = YES_ERROR;
				CLANG_WARN_RANGE_LOOP_ANALYSIS = YES;
				CLANG_WARN_STRICT_PROTOTYPES = YES;
				CLANG_WARN_SUSPICIOUS_MOVE = YES;
				CLANG_WARN_UNGUARDED_AVAILABILITY = YES_AGGRESSIVE;
				CLANG_WARN_UNREACHABLE_CODE = YES;
				CLANG_WARN__DUPLICATE_METHOD_MATCH = YES;
				CODE_SIGN_IDENTITY = "iPhone Developer";
				COPY_PHASE_STRIP = NO;
				DEBUG_INFORMATION_FORMAT = "dwarf-with-dsym";
				ENABLE_NS_ASSERTIONS = NO;
				ENABLE_STRICT_OBJC_MSGSEND = YES;
				GCC_C_LANGUAGE_STANDARD = gnu11;
				GCC_NO_COMMON_BLOCKS = YES;
				GCC_WARN_64_TO_32_BIT_CONVERSION = YES;
				GCC_WARN_ABOUT_MISSING_NEWLINE = YES;
				GCC_WARN_ABOUT_RETURN_TYPE = YES_ERROR;
				GCC_WARN_UNDECLARED_SELECTOR = YES;
				GCC_WARN_UNINITIALIZED_AUTOS = YES_AGGRESSIVE;
				GCC_WARN_UNUSED_FUNCTION = YES;
				GCC_WARN_UNUSED_VARIABLE = YES;
				IPHONEOS_DEPLOYMENT_TARGET = 12.1;
				MTL_ENABLE_DEBUG_INFO = NO;
				MTL_FAST_MATH = YES;
				SDKROOT = iphoneos;
				SWIFT_COMPILATION_MODE = wholemodule;
				SWIFT_OPTIMIZATION_LEVEL = "-O";
				SWIFT_VERSION = 4.2;
				VALIDATE_PRODUCT = YES;
			};
			name = Release;
		};
		D94A587F21F3502F00249946 /* Debug */ = {
			isa = XCBuildConfiguration;
			baseConfigurationReference = BC8F54E0589550297F430CA1 /* Pods-Posts.debug.xcconfig */;
			buildSettings = {
				ASSETCATALOG_COMPILER_APPICON_NAME = AppIcon;
				CODE_SIGN_STYLE = Automatic;
				DEVELOPMENT_TEAM = MQRRG9G4R7;
				INFOPLIST_FILE = Posts/Resources/Info.plist;
				LD_RUNPATH_SEARCH_PATHS = (
					"$(inherited)",
					"@executable_path/Frameworks",
				);
				PRODUCT_BUNDLE_IDENTIFIER = com.diogot.exercises.Posts;
				PRODUCT_NAME = "$(TARGET_NAME)";
				TARGETED_DEVICE_FAMILY = "1,2";
			};
			name = Debug;
		};
		D94A588021F3502F00249946 /* Release */ = {
			isa = XCBuildConfiguration;
			baseConfigurationReference = EDF39E066157124C96E76C9A /* Pods-Posts.release.xcconfig */;
			buildSettings = {
				ASSETCATALOG_COMPILER_APPICON_NAME = AppIcon;
				CODE_SIGN_STYLE = Automatic;
				DEVELOPMENT_TEAM = MQRRG9G4R7;
				INFOPLIST_FILE = Posts/Resources/Info.plist;
				LD_RUNPATH_SEARCH_PATHS = (
					"$(inherited)",
					"@executable_path/Frameworks",
				);
				PRODUCT_BUNDLE_IDENTIFIER = com.diogot.exercises.Posts;
				PRODUCT_NAME = "$(TARGET_NAME)";
				TARGETED_DEVICE_FAMILY = "1,2";
			};
			name = Release;
		};
		D94A588221F3502F00249946 /* Debug */ = {
			isa = XCBuildConfiguration;
			baseConfigurationReference = 7ACDDF9BC66B72D227F94815 /* Pods-PostsTests.debug.xcconfig */;
			buildSettings = {
				BUNDLE_LOADER = "$(TEST_HOST)";
				CLANG_ENABLE_MODULES = YES;
				CODE_SIGN_STYLE = Automatic;
				DEVELOPMENT_TEAM = MQRRG9G4R7;
				INFOPLIST_FILE = PostsTests/Info.plist;
				LD_RUNPATH_SEARCH_PATHS = (
					"$(inherited)",
					"@executable_path/Frameworks",
					"@loader_path/Frameworks",
				);
				PRODUCT_BUNDLE_IDENTIFIER = com.diogot.exercises.PostsTests;
				PRODUCT_NAME = "$(TARGET_NAME)";
				SWIFT_OPTIMIZATION_LEVEL = "-Onone";
				SWIFT_VERSION = 4.2;
				TARGETED_DEVICE_FAMILY = "1,2";
				TEST_HOST = "$(BUILT_PRODUCTS_DIR)/Posts.app/Posts";
			};
			name = Debug;
		};
		D94A588321F3502F00249946 /* Release */ = {
			isa = XCBuildConfiguration;
			baseConfigurationReference = 58B40C48EE85391413ED8FF3 /* Pods-PostsTests.release.xcconfig */;
			buildSettings = {
				BUNDLE_LOADER = "$(TEST_HOST)";
				CLANG_ENABLE_MODULES = YES;
				CODE_SIGN_STYLE = Automatic;
				DEVELOPMENT_TEAM = MQRRG9G4R7;
				INFOPLIST_FILE = PostsTests/Info.plist;
				LD_RUNPATH_SEARCH_PATHS = (
					"$(inherited)",
					"@executable_path/Frameworks",
					"@loader_path/Frameworks",
				);
				PRODUCT_BUNDLE_IDENTIFIER = com.diogot.exercises.PostsTests;
				PRODUCT_NAME = "$(TARGET_NAME)";
				SWIFT_VERSION = 4.2;
				TARGETED_DEVICE_FAMILY = "1,2";
				TEST_HOST = "$(BUILT_PRODUCTS_DIR)/Posts.app/Posts";
			};
			name = Release;
		};
/* End XCBuildConfiguration section */

/* Begin XCConfigurationList section */
		D94A585C21F3502C00249946 /* Build configuration list for PBXProject "Posts" */ = {
			isa = XCConfigurationList;
			buildConfigurations = (
				D94A587C21F3502F00249946 /* Debug */,
				D94A587D21F3502F00249946 /* Release */,
			);
			defaultConfigurationIsVisible = 0;
			defaultConfigurationName = Release;
		};
		D94A587E21F3502F00249946 /* Build configuration list for PBXNativeTarget "Posts" */ = {
			isa = XCConfigurationList;
			buildConfigurations = (
				D94A587F21F3502F00249946 /* Debug */,
				D94A588021F3502F00249946 /* Release */,
			);
			defaultConfigurationIsVisible = 0;
			defaultConfigurationName = Release;
		};
		D94A588121F3502F00249946 /* Build configuration list for PBXNativeTarget "PostsTests" */ = {
			isa = XCConfigurationList;
			buildConfigurations = (
				D94A588221F3502F00249946 /* Debug */,
				D94A588321F3502F00249946 /* Release */,
			);
			defaultConfigurationIsVisible = 0;
			defaultConfigurationName = Release;
		};
/* End XCConfigurationList section */
	};
	rootObject = D94A585921F3502C00249946 /* Project object */;
}
